
Microsoft Visual Studio Solution File, Format Version 12.00
# Visual Studio Version 17
VisualStudioVersion = 17.5.33530.505
MinimumVisualStudioVersion = 10.0.40219.1
Project("{FAE04EC0-301F-11D3-BF4B-00C04F79EFBC}") = "Assignment4", "Assignment4\Assignment4.csproj", "{35FA69A9-8848-435A-B848-5B33EF6F7CBA}"
EndProject
Global
	GlobalSection(SolutionConfigurationPlatforms) = preSolution
		Debug|Any CPU = Debug|Any CPU
		Release|Any CPU = Release|Any CPU
	EndGlobalSection
	GlobalSection(ProjectConfigurationPlatforms) = postSolution
		{35FA69A9-8848-435A-B848-5B33EF6F7CBA}.Debug|Any CPU.ActiveCfg = Debug|Any CPU
		{35FA69A9-8848-435A-B848-5B33EF6F7CBA}.Debug|Any CPU.Build.0 = Debug|Any CPU
		{35FA69A9-8848-435A-B848-5B33EF6F7CBA}.Release|Any CPU.ActiveCfg = Release|Any CPU
		{35FA69A9-8848-435A-B848-5B33EF6F7CBA}.Release|Any CPU.Build.0 = Release|Any CPU
	EndGlobalSection
	GlobalSection(SolutionProperties) = preSolution
		HideSolutionNode = FALSE
	EndGlobalSection
	GlobalSection(ExtensibilityGlobals) = postSolution
		SolutionGuid = {EF0B2A6C-B390-4471-947B-CFC13F6D7CCB}
	EndGlobalSection
EndGlobal
